// !$*UTF8*$!
{
	archiveVersion = 1;
	classes = {
	};
	objectVersion = 50;
	objects = {

/* Begin PBXBuildFile section */
		45DAD4A7242F9E1C00A646DE /* AppDelegate.m in Sources */ = {isa = PBXBuildFile; fileRef = 45DAD4A6242F9E1C00A646DE /* AppDelegate.m */; };
		45DAD4AA242F9E1C00A646DE /* SceneDelegate.m in Sources */ = {isa = PBXBuildFile; fileRef = 45DAD4A9242F9E1C00A646DE /* SceneDelegate.m */; };
		45DAD4B0242F9E1C00A646DE /* Main.storyboard in Resources */ = {isa = PBXBuildFile; fileRef = 45DAD4AE242F9E1C00A646DE /* Main.storyboard */; };
		45DAD4B2242F9E1F00A646DE /* Assets.xcassets in Resources */ = {isa = PBXBuildFile; fileRef = 45DAD4B1242F9E1F00A646DE /* Assets.xcassets */; };
		45DAD4B5242F9E1F00A646DE /* LaunchScreen.storyboard in Resources */ = {isa = PBXBuildFile; fileRef = 45DAD4B3242F9E1F00A646DE /* LaunchScreen.storyboard */; };
		45DAD4B8242F9E1F00A646DE /* main.m in Sources */ = {isa = PBXBuildFile; fileRef = 45DAD4B7242F9E1F00A646DE /* main.m */; };
		45DAD4C1242FAB6A00A646DE /* PEIArtistTableViewController.m in Sources */ = {isa = PBXBuildFile; fileRef = 45DAD4C0242FAB6A00A646DE /* PEIArtistTableViewController.m */; };
		45DAD4C4242FAB8400A646DE /* PEIArtistDetailViewController.m in Sources */ = {isa = PBXBuildFile; fileRef = 45DAD4C3242FAB8400A646DE /* PEIArtistDetailViewController.m */; };
		45DAD4C8242FAC6A00A646DE /* PEIArtist.m in Sources */ = {isa = PBXBuildFile; fileRef = 45DAD4C7242FAC6A00A646DE /* PEIArtist.m */; };
		45DAD4CF242FAD2300A646DE /* PEIArtistController.m in Sources */ = {isa = PBXBuildFile; fileRef = 45DAD4CE242FAD2300A646DE /* PEIArtistController.m */; };
		45DAD4D8242FB11500A646DE /* PEIAritst+PEIArtist_NSJSONSerialization.m in Sources */ = {isa = PBXBuildFile; fileRef = 45DAD4D7242FB11500A646DE /* PEIAritst+PEIArtist_NSJSONSerialization.m */; };
/* End PBXBuildFile section */

/* Begin PBXFileReference section */
		45DAD4A2242F9E1C00A646DE /* PEIFavoriteArtist.app */ = {isa = PBXFileReference; explicitFileType = wrapper.application; includeInIndex = 0; path = PEIFavoriteArtist.app; sourceTree = BUILT_PRODUCTS_DIR; };
		45DAD4A5242F9E1C00A646DE /* AppDelegate.h */ = {isa = PBXFileReference; lastKnownFileType = sourcecode.c.h; path = AppDelegate.h; sourceTree = "<group>"; };
		45DAD4A6242F9E1C00A646DE /* AppDelegate.m */ = {isa = PBXFileReference; lastKnownFileType = sourcecode.c.objc; path = AppDelegate.m; sourceTree = "<group>"; };
		45DAD4A8242F9E1C00A646DE /* SceneDelegate.h */ = {isa = PBXFileReference; lastKnownFileType = sourcecode.c.h; path = SceneDelegate.h; sourceTree = "<group>"; };
		45DAD4A9242F9E1C00A646DE /* SceneDelegate.m */ = {isa = PBXFileReference; lastKnownFileType = sourcecode.c.objc; path = SceneDelegate.m; sourceTree = "<group>"; };
		45DAD4AF242F9E1C00A646DE /* Base */ = {isa = PBXFileReference; lastKnownFileType = file.storyboard; name = Base; path = Base.lproj/Main.storyboard; sourceTree = "<group>"; };
		45DAD4B1242F9E1F00A646DE /* Assets.xcassets */ = {isa = PBXFileReference; lastKnownFileType = folder.assetcatalog; path = Assets.xcassets; sourceTree = "<group>"; };
		45DAD4B4242F9E1F00A646DE /* Base */ = {isa = PBXFileReference; lastKnownFileType = file.storyboard; name = Base; path = Base.lproj/LaunchScreen.storyboard; sourceTree = "<group>"; };
		45DAD4B6242F9E1F00A646DE /* Info.plist */ = {isa = PBXFileReference; lastKnownFileType = text.plist.xml; path = Info.plist; sourceTree = "<group>"; };
		45DAD4B7242F9E1F00A646DE /* main.m */ = {isa = PBXFileReference; lastKnownFileType = sourcecode.c.objc; path = main.m; sourceTree = "<group>"; };
		45DAD4BF242FAB6900A646DE /* PEIArtistTableViewController.h */ = {isa = PBXFileReference; lastKnownFileType = sourcecode.c.h; path = PEIArtistTableViewController.h; sourceTree = "<group>"; };
		45DAD4C0242FAB6A00A646DE /* PEIArtistTableViewController.m */ = {isa = PBXFileReference; lastKnownFileType = sourcecode.c.objc; path = PEIArtistTableViewController.m; sourceTree = "<group>"; };
		45DAD4C2242FAB8400A646DE /* PEIArtistDetailViewController.h */ = {isa = PBXFileReference; lastKnownFileType = sourcecode.c.h; path = PEIArtistDetailViewController.h; sourceTree = "<group>"; };
		45DAD4C3242FAB8400A646DE /* PEIArtistDetailViewController.m */ = {isa = PBXFileReference; lastKnownFileType = sourcecode.c.objc; path = PEIArtistDetailViewController.m; sourceTree = "<group>"; };
		45DAD4C6242FAC6A00A646DE /* PEIArtist.h */ = {isa = PBXFileReference; lastKnownFileType = sourcecode.c.h; path = PEIArtist.h; sourceTree = "<group>"; };
		45DAD4C7242FAC6A00A646DE /* PEIArtist.m */ = {isa = PBXFileReference; lastKnownFileType = sourcecode.c.objc; path = PEIArtist.m; sourceTree = "<group>"; };
		45DAD4CD242FAD2300A646DE /* PEIArtistController.h */ = {isa = PBXFileReference; lastKnownFileType = sourcecode.c.h; path = PEIArtistController.h; sourceTree = "<group>"; };
		45DAD4CE242FAD2300A646DE /* PEIArtistController.m */ = {isa = PBXFileReference; lastKnownFileType = sourcecode.c.objc; path = PEIArtistController.m; sourceTree = "<group>"; };
		45DAD4D6242FB11500A646DE /* PEIAritst+PEIArtist_NSJSONSerialization.h */ = {isa = PBXFileReference; lastKnownFileType = sourcecode.c.h; path = "PEIAritst+PEIArtist_NSJSONSerialization.h"; sourceTree = "<group>"; };
		45DAD4D7242FB11500A646DE /* PEIAritst+PEIArtist_NSJSONSerialization.m */ = {isa = PBXFileReference; lastKnownFileType = sourcecode.c.objc; path = "PEIAritst+PEIArtist_NSJSONSerialization.m"; sourceTree = "<group>"; };
/* End PBXFileReference section */

/* Begin PBXFrameworksBuildPhase section */
		45DAD49F242F9E1C00A646DE /* Frameworks */ = {
			isa = PBXFrameworksBuildPhase;
			buildActionMask = 2147483647;
			files = (
			);
			runOnlyForDeploymentPostprocessing = 0;
		};
/* End PBXFrameworksBuildPhase section */

/* Begin PBXGroup section */
		45DAD499242F9E1C00A646DE = {
			isa = PBXGroup;
			children = (
				45DAD4A4242F9E1C00A646DE /* PEIFavoriteArtist */,
				45DAD4A3242F9E1C00A646DE /* Products */,
			);
			sourceTree = "<group>";
		};
		45DAD4A3242F9E1C00A646DE /* Products */ = {
			isa = PBXGroup;
			children = (
				45DAD4A2242F9E1C00A646DE /* PEIFavoriteArtist.app */,
			);
			name = Products;
			sourceTree = "<group>";
		};
		45DAD4A4242F9E1C00A646DE /* PEIFavoriteArtist */ = {
			isa = PBXGroup;
			children = (
				45DAD4CC242FACFD00A646DE /* PEIArtistController */,
				45DAD4C5242FAC3800A646DE /* Model */,
				45DAD4BE242FAB4300A646DE /* View Controllers */,
				45DAD4A5242F9E1C00A646DE /* AppDelegate.h */,
				45DAD4A6242F9E1C00A646DE /* AppDelegate.m */,
				45DAD4A8242F9E1C00A646DE /* SceneDelegate.h */,
				45DAD4A9242F9E1C00A646DE /* SceneDelegate.m */,
				45DAD4AE242F9E1C00A646DE /* Main.storyboard */,
				45DAD4B1242F9E1F00A646DE /* Assets.xcassets */,
				45DAD4B3242F9E1F00A646DE /* LaunchScreen.storyboard */,
				45DAD4B6242F9E1F00A646DE /* Info.plist */,
				45DAD4B7242F9E1F00A646DE /* main.m */,
			);
			path = PEIFavoriteArtist;
			sourceTree = "<group>";
		};
		45DAD4BE242FAB4300A646DE /* View Controllers */ = {
			isa = PBXGroup;
			children = (
				45DAD4C2242FAB8400A646DE /* PEIArtistDetailViewController.h */,
				45DAD4C3242FAB8400A646DE /* PEIArtistDetailViewController.m */,
				45DAD4BF242FAB6900A646DE /* PEIArtistTableViewController.h */,
				45DAD4C0242FAB6A00A646DE /* PEIArtistTableViewController.m */,
			);
			path = "View Controllers";
			sourceTree = "<group>";
		};
		45DAD4C5242FAC3800A646DE /* Model */ = {
			isa = PBXGroup;
			children = (
				45DAD4C6242FAC6A00A646DE /* PEIArtist.h */,
				45DAD4C7242FAC6A00A646DE /* PEIArtist.m */,
				45DAD4D6242FB11500A646DE /* PEIAritst+PEIArtist_NSJSONSerialization.h */,
				45DAD4D7242FB11500A646DE /* PEIAritst+PEIArtist_NSJSONSerialization.m */,
			);
			path = Model;
			sourceTree = "<group>";
		};
		45DAD4CC242FACFD00A646DE /* PEIArtistController */ = {
			isa = PBXGroup;
			children = (
				45DAD4CD242FAD2300A646DE /* PEIArtistController.h */,
				45DAD4CE242FAD2300A646DE /* PEIArtistController.m */,
			);
			path = PEIArtistController;
			sourceTree = "<group>";
		};
/* End PBXGroup section */

/* Begin PBXNativeTarget section */
		45DAD4A1242F9E1C00A646DE /* PEIFavoriteArtist */ = {
			isa = PBXNativeTarget;
			buildConfigurationList = 45DAD4BB242F9E1F00A646DE /* Build configuration list for PBXNativeTarget "PEIFavoriteArtist" */;
			buildPhases = (
				45DAD49E242F9E1C00A646DE /* Sources */,
				45DAD49F242F9E1C00A646DE /* Frameworks */,
				45DAD4A0242F9E1C00A646DE /* Resources */,
			);
			buildRules = (
			);
			dependencies = (
			);
			name = PEIFavoriteArtist;
			productName = PEIFavoriteArtist;
			productReference = 45DAD4A2242F9E1C00A646DE /* PEIFavoriteArtist.app */;
			productType = "com.apple.product-type.application";
		};
/* End PBXNativeTarget section */

/* Begin PBXProject section */
		45DAD49A242F9E1C00A646DE /* Project object */ = {
			isa = PBXProject;
			attributes = {
				LastUpgradeCheck = 1130;
				ORGANIZATIONNAME = "Lambda School";
				TargetAttributes = {
					45DAD4A1242F9E1C00A646DE = {
						CreatedOnToolsVersion = 11.3.1;
					};
				};
			};
			buildConfigurationList = 45DAD49D242F9E1C00A646DE /* Build configuration list for PBXProject "PEIFavoriteArtist" */;
			compatibilityVersion = "Xcode 9.3";
			developmentRegion = en;
			hasScannedForEncodings = 0;
			knownRegions = (
				en,
				Base,
			);
			mainGroup = 45DAD499242F9E1C00A646DE;
			productRefGroup = 45DAD4A3242F9E1C00A646DE /* Products */;
			projectDirPath = "";
			projectRoot = "";
			targets = (
				45DAD4A1242F9E1C00A646DE /* PEIFavoriteArtist */,
			);
		};
/* End PBXProject section */

/* Begin PBXResourcesBuildPhase section */
		45DAD4A0242F9E1C00A646DE /* Resources */ = {
			isa = PBXResourcesBuildPhase;
			buildActionMask = 2147483647;
			files = (
				45DAD4B5242F9E1F00A646DE /* LaunchScreen.storyboard in Resources */,
				45DAD4B2242F9E1F00A646DE /* Assets.xcassets in Resources */,
				45DAD4B0242F9E1C00A646DE /* Main.storyboard in Resources */,
			);
			runOnlyForDeploymentPostprocessing = 0;
		};
/* End PBXResourcesBuildPhase section */

/* Begin PBXSourcesBuildPhase section */
		45DAD49E242F9E1C00A646DE /* Sources */ = {
			isa = PBXSourcesBuildPhase;
			buildActionMask = 2147483647;
			files = (
				45DAD4A7242F9E1C00A646DE /* AppDelegate.m in Sources */,
				45DAD4D8242FB11500A646DE /* PEIAritst+PEIArtist_NSJSONSerialization.m in Sources */,
				45DAD4CF242FAD2300A646DE /* PEIArtistController.m in Sources */,
				45DAD4C8242FAC6A00A646DE /* PEIArtist.m in Sources */,
				45DAD4C4242FAB8400A646DE /* PEIArtistDetailViewController.m in Sources */,
				45DAD4C1242FAB6A00A646DE /* PEIArtistTableViewController.m in Sources */,
				45DAD4B8242F9E1F00A646DE /* main.m in Sources */,
				45DAD4AA242F9E1C00A646DE /* SceneDelegate.m in Sources */,
			);
			runOnlyForDeploymentPostprocessing = 0;
		};
/* End PBXSourcesBuildPhase section */

/* Begin PBXVariantGroup section */
		45DAD4AE242F9E1C00A646DE /* Main.storyboard */ = {
			isa = PBXVariantGroup;
			children = (
				45DAD4AF242F9E1C00A646DE /* Base */,
			);
			name = Main.storyboard;
			sourceTree = "<group>";
		};
		45DAD4B3242F9E1F00A646DE /* LaunchScreen.storyboard */ = {
			isa = PBXVariantGroup;
			children = (
				45DAD4B4242F9E1F00A646DE /* Base */,
			);
			name = LaunchScreen.storyboard;
			sourceTree = "<group>";
		};
/* End PBXVariantGroup section */

/* Begin XCBuildConfiguration section */
		45DAD4B9242F9E1F00A646DE /* Debug */ = {
			isa = XCBuildConfiguration;
			buildSettings = {
				ALWAYS_SEARCH_USER_PATHS = NO;
				CLANG_ANALYZER_NONNULL = YES;
				CLANG_ANALYZER_NUMBER_OBJECT_CONVERSION = YES_AGGRESSIVE;
				CLANG_CXX_LANGUAGE_STANDARD = "gnu++14";
				CLANG_CXX_LIBRARY = "libc++";
				CLANG_ENABLE_MODULES = YES;
				CLANG_ENABLE_OBJC_ARC = YES;
				CLANG_ENABLE_OBJC_WEAK = YES;
				CLANG_WARN_BLOCK_CAPTURE_AUTORELEASING = YES;
				CLANG_WARN_BOOL_CONVERSION = YES;
				CLANG_WARN_COMMA = YES;
				CLANG_WARN_CONSTANT_CONVERSION = YES;
				CLANG_WARN_DEPRECATED_OBJC_IMPLEMENTATIONS = YES;
				CLANG_WARN_DIRECT_OBJC_ISA_USAGE = YES_ERROR;
				CLANG_WARN_DOCUMENTATION_COMMENTS = YES;
				CLANG_WARN_EMPTY_BODY = YES;
				CLANG_WARN_ENUM_CONVERSION = YES;
				CLANG_WARN_INFINITE_RECURSION = YES;
				CLANG_WARN_INT_CONVERSION = YES;
				CLANG_WARN_NON_LITERAL_NULL_CONVERSION = YES;
				CLANG_WARN_OBJC_IMPLICIT_RETAIN_SELF = YES;
				CLANG_WARN_OBJC_LITERAL_CONVERSION = YES;
				CLANG_WARN_OBJC_ROOT_CLASS = YES_ERROR;
				CLANG_WARN_RANGE_LOOP_ANALYSIS = YES;
				CLANG_WARN_STRICT_PROTOTYPES = YES;
				CLANG_WARN_SUSPICIOUS_MOVE = YES;
				CLANG_WARN_UNGUARDED_AVAILABILITY = YES_AGGRESSIVE;
				CLANG_WARN_UNREACHABLE_CODE = YES;
				CLANG_WARN__DUPLICATE_METHOD_MATCH = YES;
				COPY_PHASE_STRIP = NO;
				DEBUG_INFORMATION_FORMAT = dwarf;
				ENABLE_STRICT_OBJC_MSGSEND = YES;
				ENABLE_TESTABILITY = YES;
				GCC_C_LANGUAGE_STANDARD = gnu11;
				GCC_DYNAMIC_NO_PIC = NO;
				GCC_NO_COMMON_BLOCKS = YES;
				GCC_OPTIMIZATION_LEVEL = 0;
				GCC_PREPROCESSOR_DEFINITIONS = (
					"DEBUG=1",
					"$(inherited)",
				);
				GCC_WARN_64_TO_32_BIT_CONVERSION = YES;
				GCC_WARN_ABOUT_RETURN_TYPE = YES_ERROR;
				GCC_WARN_UNDECLARED_SELECTOR = YES;
				GCC_WARN_UNINITIALIZED_AUTOS = YES_AGGRESSIVE;
				GCC_WARN_UNUSED_FUNCTION = YES;
				GCC_WARN_UNUSED_VARIABLE = YES;
				IPHONEOS_DEPLOYMENT_TARGET = 13.2;
				MTL_ENABLE_DEBUG_INFO = INCLUDE_SOURCE;
				MTL_FAST_MATH = YES;
				ONLY_ACTIVE_ARCH = YES;
				SDKROOT = iphoneos;
			};
			name = Debug;
		};
		45DAD4BA242F9E1F00A646DE /* Release */ = {
			isa = XCBuildConfiguration;
			buildSettings = {
				ALWAYS_SEARCH_USER_PATHS = NO;
				CLANG_ANALYZER_NONNULL = YES;
				CLANG_ANALYZER_NUMBER_OBJECT_CONVERSION = YES_AGGRESSIVE;
				CLANG_CXX_LANGUAGE_STANDARD = "gnu++14";
				CLANG_CXX_LIBRARY = "libc++";
				CLANG_ENABLE_MODULES = YES;
				CLANG_ENABLE_OBJC_ARC = YES;
				CLANG_ENABLE_OBJC_WEAK = YES;
				CLANG_WARN_BLOCK_CAPTURE_AUTORELEASING = YES;
				CLANG_WARN_BOOL_CONVERSION = YES;
				CLANG_WARN_COMMA = YES;
				CLANG_WARN_CONSTANT_CONVERSION = YES;
				CLANG_WARN_DEPRECATED_OBJC_IMPLEMENTATIONS = YES;
				CLANG_WARN_DIRECT_OBJC_ISA_USAGE = YES_ERROR;
				CLANG_WARN_DOCUMENTATION_COMMENTS = YES;
				CLANG_WARN_EMPTY_BODY = YES;
				CLANG_WARN_ENUM_CONVERSION = YES;
				CLANG_WARN_INFINITE_RECURSION = YES;
				CLANG_WARN_INT_CONVERSION = YES;
				CLANG_WARN_NON_LITERAL_NULL_CONVERSION = YES;
				CLANG_WARN_OBJC_IMPLICIT_RETAIN_SELF = YES;
				CLANG_WARN_OBJC_LITERAL_CONVERSION = YES;
				CLANG_WARN_OBJC_ROOT_CLASS = YES_ERROR;
				CLANG_WARN_RANGE_LOOP_ANALYSIS = YES;
				CLANG_WARN_STRICT_PROTOTYPES = YES;
				CLANG_WARN_SUSPICIOUS_MOVE = YES;
				CLANG_WARN_UNGUARDED_AVAILABILITY = YES_AGGRESSIVE;
				CLANG_WARN_UNREACHABLE_CODE = YES;
				CLANG_WARN__DUPLICATE_METHOD_MATCH = YES;
				COPY_PHASE_STRIP = NO;
				DEBUG_INFORMATION_FORMAT = "dwarf-with-dsym";
				ENABLE_NS_ASSERTIONS = NO;
				ENABLE_STRICT_OBJC_MSGSEND = YES;
				GCC_C_LANGUAGE_STANDARD = gnu11;
				GCC_NO_COMMON_BLOCKS = YES;
				GCC_WARN_64_TO_32_BIT_CONVERSION = YES;
				GCC_WARN_ABOUT_RETURN_TYPE = YES_ERROR;
				GCC_WARN_UNDECLARED_SELECTOR = YES;
				GCC_WARN_UNINITIALIZED_AUTOS = YES_AGGRESSIVE;
				GCC_WARN_UNUSED_FUNCTION = YES;
				GCC_WARN_UNUSED_VARIABLE = YES;
				IPHONEOS_DEPLOYMENT_TARGET = 13.2;
				MTL_ENABLE_DEBUG_INFO = NO;
				MTL_FAST_MATH = YES;
				SDKROOT = iphoneos;
				VALIDATE_PRODUCT = YES;
			};
			name = Release;
		};
		45DAD4BC242F9E1F00A646DE /* Debug */ = {
			isa = XCBuildConfiguration;
			buildSettings = {
				ASSETCATALOG_COMPILER_APPICON_NAME = AppIcon;
				CODE_SIGN_STYLE = Automatic;
				INFOPLIST_FILE = PEIFavoriteArtist/Info.plist;
				LD_RUNPATH_SEARCH_PATHS = (
					"$(inherited)",
					"@executable_path/Frameworks",
				);
				PRODUCT_BUNDLE_IDENTIFIER = com.flash.PEIFavoriteArtist;
				PRODUCT_NAME = "$(TARGET_NAME)";
				TARGETED_DEVICE_FAMILY = "1,2";
			};
			name = Debug;
		};
		45DAD4BD242F9E1F00A646DE /* Release */ = {
			isa = XCBuildConfiguration;
			buildSettings = {
				ASSETCATALOG_COMPILER_APPICON_NAME = AppIcon;
				CODE_SIGN_STYLE = Automatic;
				INFOPLIST_FILE = PEIFavoriteArtist/Info.plist;
				LD_RUNPATH_SEARCH_PATHS = (
					"$(inherited)",
					"@executable_path/Frameworks",
				);
				PRODUCT_BUNDLE_IDENTIFIER = com.flash.PEIFavoriteArtist;
				PRODUCT_NAME = "$(TARGET_NAME)";
				TARGETED_DEVICE_FAMILY = "1,2";
			};
			name = Release;
		};
/* End XCBuildConfiguration section */

/* Begin XCConfigurationList section */
		45DAD49D242F9E1C00A646DE /* Build configuration list for PBXProject "PEIFavoriteArtist" */ = {
			isa = XCConfigurationList;
			buildConfigurations = (
				45DAD4B9242F9E1F00A646DE /* Debug */,
				45DAD4BA242F9E1F00A646DE /* Release */,
			);
			defaultConfigurationIsVisible = 0;
			defaultConfigurationName = Release;
		};
		45DAD4BB242F9E1F00A646DE /* Build configuration list for PBXNativeTarget "PEIFavoriteArtist" */ = {
			isa = XCConfigurationList;
			buildConfigurations = (
				45DAD4BC242F9E1F00A646DE /* Debug */,
				45DAD4BD242F9E1F00A646DE /* Release */,
			);
			defaultConfigurationIsVisible = 0;
			defaultConfigurationName = Release;
		};
/* End XCConfigurationList section */
	};
	rootObject = 45DAD49A242F9E1C00A646DE /* Project object */;
}
